{
  "version": 4,
  "terraform_version": "0.12.26",
  "serial": 1,
  "lineage": "3422da6a-43e9-6d8b-4348-9298296812c0",
  "outputs": {},
  "resources": [
    {
      "mode": "managed",
      "type": "random_id",
      "name": "instance_id",
      "provider": "provider.random",
      "instances": [
        {
          "schema_version": 0,
          "attributes": {
            "b64": "Ycx5W8BLgPI",
            "b64_std": "Ycx5W8BLgPI=",
            "b64_url": "Ycx5W8BLgPI",
            "byte_length": 8,
            "dec": "7047140951903142130",
            "hex": "61cc795bc04b80f2",
            "id": "Ycx5W8BLgPI",
            "keepers": null,
            "prefix": null
          },
          "private": "bnVsbA=="
        }
      ]
    }
  ]
}
